{
  "name": "voxclient",
  "version": "1.1.1",
  "lockfileVersion": 3,
  "requires": true,
  "packages": {
    "": {
      "name": "voxclient",
      "version": "1.1.1",
      "license": "ISC",
      "dependencies": {
        "voxclient": "github:tam1192/node-voxclient"
      }
    },
    "node_modules/voxclient": {
      "version": "1.1.1",
      "resolved": "git+ssh://git@github.com/tam1192/node-voxclient.git#4ad40dec706766ed9efebe18afccbdb6ac539752",
      "license": "ISC"
    }
  }
}
